version = 1
revision = 3
requires-python = ">=3.13"

[[package]]
name = "arxiv-cleaner"
version = "0.1.0"
source = { virtual = "." }
dependencies = [
    { name = "orjson" },
    { name = "pylatexenc" },
    { name = "python-dotenv" },
    { name = "tqdm" },
]

[package.dev-dependencies]
dev = [
    { name = "pytest" },
]

[package.metadata]
requires-dist = [
    { name = "orjson", specifier = ">=3.12.0" },
    { name = "pylatexenc", specifier = ">=2.11" },
    { name = "python-dotenv", specifier = ">=1.2.3" },
    { name = "tqdm", specifier = ">=4.70.1" },
]

[package.metadata.requires-dev]
dev = [{ name = "pytest", specifier = ">=9.1.1" }]

[[package]]
name = "colorama"
version = "0.4.6"
source = { registry = "https://pypi.org/simple" }
sdist = { url = "https://files.pythonhosted.org/packages/d8/53/6f443c9a4a8358a93a6792e2acffb9d9d5cb0a5cfd8802644b7b1c9a02e4/colorama-0.4.6.tar.gz", hash = "sha256:08695f5cb7ed6e0531a20572697297273c47b8cae5a63ffc6d6ed5c201be6e44", size = 27697, upload-time = "2022-10-25T02:36:22.414Z" }
wheels = [
    { url = "https://files.pythonhosted.org/packages/d1/d6/3965ed04c63042e047cb6a3e6ed1a63a35087b6a609aa3a15ed8ac56c221/colorama-0.4.6-py2.py3-none-any.whl", hash = "sha256:4f1d9991f5acc0ca119f9d443620b77f9d6b33703e51011c16baf57afb285fc6", size = 25335, upload-time = "2022-10-25T02:36:20.889Z" },
]

[[package]]
name = "iniconfig"
version = "2.3.0"
source = { registry = "https://pypi.org/simple" }
sdist = { url = "https://files.pythonhosted.org/packages/72/34/14ca021ce8e5dfedc35312d08ba8bf51fdd999c576889fc2c24cb97f4f10/iniconfig-2.3.0.tar.gz", hash = "sha256:c76315c77db068650d49c5b56314774a7804df16fee4402c1f19d6d15d8c4730", size = 20503, upload-time = "2025-10-18T21:55:43.219Z" }
wheels = [
    { url = "https://files.pythonhosted.org/packages/cb/b1/3846dd7f199d53cb17f49cba7e651e9ce294d8497c8c150530ed11865bb8/iniconfig-2.3.0-py3-none-any.whl", hash = "sha256:f631c04d2c48c52b84d0d0549c99ff3859c98df65b3101406327ecc7d53fbf12", size = 7484, upload-time = "2025-10-18T21:55:41.639Z" },
]

[[package]]
name = "orjson"
version = "3.12.0"
source = { registry = "https://pypi.org/simple" }
sdist = { url = "https://files.pythonhosted.org/packages/0f/f3/742fb1f62b825f2c010697eaf4e828004bc2a81e7e806666989c132c7c42/orjson-3.12.0.tar.gz", hash = "sha256:d14203fb1aae2ad9b3d52f8a0e82aeb10197ef1c9bc61da7f358bd70b00123d5", size = 4142915, upload-time = "2026-08-14T16:13:30.607Z" }
wheels = [
    { url = "https://files.pythonhosted.org/packages/54/cb/d7b78218a987eb8a8ce4eeae0286b1bb679333eb631ea0eeaf6371680bfc/orjson-3.12.0-cp313-cp313-macosx_10_15_x86_64.macosx_11_0_arm64.macosx_10_15_universal2.whl", hash = "sha256:9a36ec60f1796f9a3f13e3b98390295e17a1c7c10155b448d264098bf9ee5900", size = 223397, upload-time = "2026-08-14T16:12:44.003Z" },
    { url = "https://files.pythonhosted.org/packages/f8/4a/bc87c45e7ec639d35ebefd62618e01939531ac8e171426606a01bda05914/orjson-3.12.0-cp313-cp313-macosx_15_0_arm64.whl", hash = "sha256:ad0422b92d5195443a39f80c3bcf731cc2e00f153bd32063a47b73b057bd0f03", size = 123662, upload-time = "2026-08-14T16:12:45.433Z" },
    { url = "https://files.pythonhosted.org/packages/94/ee/c9a4ff3f2dbedbbe9e635d0fa72c8866adede09b6335ef9644f53752f0d8/orjson-3.12.0-cp313-cp313-manylinux2014_armv7l.manylinux_2_17_armv7l.whl", hash = "sha256:5a0fdbc216388f653d3752ff310e710f59253bd4ed6a2bfb3f4f06b84714bbd8", size = 113374, upload-time = "2026-08-14T16:12:46.755Z" },
    { url = "https://files.pythonhosted.org/packages/75/09/3f330a026a796c8b4c97a6f429652a5e912e7065039bf96ed25e42aa7b25/orjson-3.12.0-cp313-cp313-manylinux2014_i686.manylinux_2_17_i686.whl", hash = "sha256:2eb5c56e534127b2b8fa38d2363c8b1b8190367ee0d1d16c041517d880843b94", size = 130029, upload-time = "2026-08-14T16:12:48.06Z" },
    { url = "https://files.pythonhosted.org/packages/7d/40/094cc53126a3d22f76cdf83b6ea67338bed01d774037621a785aa8e6e5ea/orjson-3.12.0-cp313-cp313-manylinux_2_17_aarch64.manylinux2014_aarch64.whl", hash = "sha256:784106539f4b9d4b930e0b4eb8d45168507dae001945e71b4675a367f1e5e806", size = 130528, upload-time = "2026-08-14T16:12:49.362Z" },
    { url = "https://files.pythonhosted.org/packages/bc/74/89bb236deb9565f99434b13052bb40ddfcce4adf3afbfa3132ee7e421468/orjson-3.12.0-cp313-cp313-manylinux_2_17_x86_64.manylinux2014_x86_64.whl", hash = "sha256:1c680706fc8396d95e7c4c1f9482563f552137aef91b57237a3ad5aaf64629df", size = 131075, upload-time = "2026-08-14T16:12:50.692Z" },
    { url = "https://files.pythonhosted.org/packages/0c/ac/1176360d762c01b5bd34acd56fc098e936c491363d8b6b397ad4aa475547/orjson-3.12.0-cp313-cp313-musllinux_1_2_aarch64.whl", hash = "sha256:83445adc40cba26d6d621185a45128ce455b766af368cad2ab64b970603a7978", size = 135321, upload-time = "2026-08-14T16:12:52.114Z" },
    { url = "https://files.pythonhosted.org/packages/7a/02/bbd881c8b9276d50b998de38b4e97de8ace1aac940b0ee545aedbf65ed00/orjson-3.12.0-cp313-cp313-musllinux_1_2_x86_64.whl", hash = "sha256:644d005bc82f917337a95ce270c9f6f92f9834c2bed7b1477572f8db00784222", size = 127472, upload-time = "2026-08-14T16:12:53.517Z" },
    { url = "https://files.pythonhosted.org/packages/8e/02/a0934d7503e6dcbedd6afac3e7f3f8597fd09389949ad94d0f7540e9dbca/orjson-3.12.0-cp313-cp313-win32.whl", hash = "sha256:d8e78d3d93705e3d27cc17cdb209e44d7a8ea203010cac6ce9c7ffc1ae1996f1", size = 128000, upload-time = "2026-08-14T16:12:55.14Z" },
    { url = "https://files.pythonhosted.org/packages/52/87/69f98f8d40faff103a965a5fbb83f08241b01beaf92badb5413fbc9358cc/orjson-3.12.0-cp313-cp313-win_amd64.whl", hash = "sha256:b85931be5b6763c31283805c9bdaae1ca03ad9f6f12a15f1cbf6745b907932c2", size = 121841, upload-time = "2026-08-14T16:12:56.507Z" },
    { url = "https://files.pythonhosted.org/packages/e6/07/b83046a4e3cadcc0987d0f160696107c4af706a619b56e4ad01940cadadf/orjson-3.12.0-cp313-cp313-win_arm64.whl", hash = "sha256:6a31348d7dfa64cd9c78bd1f510ff44c48fe64d71094e6b90e364dba3b55949e", size = 126765, upload-time = "2026-08-14T16:12:57.806Z" },
    { url = "https://files.pythonhosted.org/packages/12/9d/3931253e6f3148abf2cbe14830367042a4806b362ea520df2303db188fb9/orjson-3.12.0-cp314-cp314-macosx_10_15_x86_64.macosx_11_0_arm64.macosx_10_15_universal2.whl", hash = "sha256:9e6fee342a48760e854d743e7a81534d8e2925a6f46e09f750cf56b50fd1de5d", size = 223391, upload-time = "2026-08-14T16:12:59.184Z" },
    { url = "https://files.pythonhosted.org/packages/8a/0e/b4a4f1e305367245877b967a0bad70fcf001d77c54ac4339a120b66fdae4/orjson-3.12.0-cp314-cp314-macosx_15_0_arm64.whl", hash = "sha256:8c3bb86dd10f39b3fbf434b7d5dc7cac77d6fc8ac572ae30a10731ede2c4b647", size = 123659, upload-time = "2026-08-14T16:13:00.548Z" },
    { url = "https://files.pythonhosted.org/packages/96/f3/6782c6fa85e2702bc66be183c3b421486167dcf266ee4dc1403fe3824870/orjson-3.12.0-cp314-cp314-manylinux2014_armv7l.manylinux_2_17_armv7l.whl", hash = "sha256:2bb3ce43203936072dd8b4917b01d3aecfc02329bfb42510cb7cfb24708adc9c", size = 113337, upload-time = "2026-08-14T16:13:02.009Z" },
    { url = "https://files.pythonhosted.org/packages/bf/79/b32ab64bacda9d0fa4942ef483bd03cabf0eaf2be819ca9fb7ff610c559d/orjson-3.12.0-cp314-cp314-manylinux2014_i686.manylinux_2_17_i686.whl", hash = "sha256:6a2a79c89984dc719817d388c8709e0efc2a2795a934eaa746b4882eb6045adc", size = 130112, upload-time = "2026-08-14T16:13:03.404Z" },
    { url = "https://files.pythonhosted.org/packages/ee/49/6e6142999ca01509219be5e5a9c338a3e5ea011f63e91ff473fbbf3734ed/orjson-3.12.0-cp314-cp314-manylinux_2_17_aarch64.manylinux2014_aarch64.whl", hash = "sha256:f06dd838d1e07d9b1de0932ec0485ec92c4d5f5d1ad4817a656268c3e88be1e1", size = 130520, upload-time = "2026-08-14T16:13:04.798Z" },
    { url = "https://files.pythonhosted.org/packages/49/d0/3745af0a4cc9867784f29722929cec4d10bd1c877cd754b01ba6d96eb21a/orjson-3.12.0-cp314-cp314-manylinux_2_17_x86_64.manylinux2014_x86_64.whl", hash = "sha256:c6b11be792c3d2c6a4be2af4ebf97a68d0bf5f580aca6e86a418a354f6cc846a", size = 131053, upload-time = "2026-08-14T16:13:06.14Z" },
    { url = "https://files.pythonhosted.org/packages/c3/f4/6fe5a22fa478fffb190e65c338c84df5c311ef597b363150a17cc57063c0/orjson-3.12.0-cp314-cp314-musllinux_1_2_aarch64.whl", hash = "sha256:477ecaf6b9f88f873341b91fcc736119ca81b5e002a9f7f308ff5b4f2ce2a70e", size = 135321, upload-time = "2026-08-14T16:13:07.544Z" },
    { url = "https://files.pythonhosted.org/packages/ff/41/b1b0ec30289646a81a76e2dbaae2686b96fcccb7cb0323dc1dd78cbc7875/orjson-3.12.0-cp314-cp314-musllinux_1_2_x86_64.whl", hash = "sha256:f3c0683136acdc29afdf88a5bc2f7d3d0e34087788d1d63c0144b805a87a196f", size = 127485, upload-time = "2026-08-14T16:13:08.88Z" },
    { url = "https://files.pythonhosted.org/packages/bf/2b/277404bdcc21c93b112b963655b76443ebfe828f8a3ff1de7d90f8850eb3/orjson-3.12.0-cp314-cp314-win32.whl", hash = "sha256:d39f3f5c3927e2dc0913fe5bbc1a2f6b1b9d1bba1de6358340d0ad0d0c00ca92", size = 128048, upload-time = "2026-08-14T16:13:10.305Z" },
    { url = "https://files.pythonhosted.org/packages/41/2b/395b36fa2b4ce7af70b651d715e88f80d884b2c2b14a6b53e84d554fb5f0/orjson-3.12.0-cp314-cp314-win_amd64.whl", hash = "sha256:0b1ac5bf6609b2716c7954011c5fef6254922df029f45d032ee4ebf5d363cbed", size = 121858, upload-time = "2026-08-14T16:13:11.634Z" },
    { url = "https://files.pythonhosted.org/packages/ea/a3/833e895ff452859eebe75093d26691fe9108f1a7a6a08435d7a5780ea652/orjson-3.12.0-cp314-cp314-win_arm64.whl", hash = "sha256:50fae885cb073eac7556353ff3df93312b0d5137b0a5056b2bb63f97ed9a93c7", size = 126749, upload-time = "2026-08-14T16:13:13.117Z" },
    { url = "https://files.pythonhosted.org/packages/58/64/99c8947ece10c17176af9aae85c4948f1d109da77440ec14d87239efaf73/orjson-3.12.0-cp315-cp315-macosx_10_15_x86_64.macosx_11_0_arm64.macosx_10_15_universal2.whl", hash = "sha256:01efac2074fffb4cb1ea3fab7861e9d0f2a26913854a972f5ac760525dbdaf6e", size = 223398, upload-time = "2026-08-14T16:13:14.694Z" },
    { url = "https://files.pythonhosted.org/packages/3e/30/cf983fe09f2731420fda097a9f7ef4343f47fa216c228961ad8f6da44f3d/orjson-3.12.0-cp315-cp315-macosx_15_0_arm64.whl", hash = "sha256:ed4ca42bd55955aa34deedcfdfd0e0c31abf51143aae158ae2bc3520b626e517", size = 123655, upload-time = "2026-08-14T16:13:16.221Z" },
    { url = "https://files.pythonhosted.org/packages/11/50/9cb8ae73fa4749dbbc20f617004213b5ff01c20aaeec34c3f31124f2c1d8/orjson-3.12.0-cp315-cp315-manylinux_2_39_aarch64.whl", hash = "sha256:40f92192227505acca4e2533ce565f8e6b9535f7d0d09b0968452f18b7376b38", size = 130515, upload-time = "2026-08-14T16:13:17.601Z" },
    { url = "https://files.pythonhosted.org/packages/9f/0a/adb6ce1a5b5fbf9cb1790f9961bb668a0dd5429aadaf6cee044724681795/orjson-3.12.0-cp315-cp315-manylinux_2_39_armv7l.whl", hash = "sha256:33efefcf5d88eaf400b47e2eba02f91f319bb9951be61ca500b7d536d3f2079d", size = 113327, upload-time = "2026-08-14T16:13:18.927Z" },
    { url = "https://files.pythonhosted.org/packages/51/5c/d17f61581d8dbdde7048f87a330fa24915edec38db4d72b381fec14fbb56/orjson-3.12.0-cp315-cp315-manylinux_2_39_i686.whl", hash = "sha256:8e386b0bc0ddd7cd2056f884b5a0af33592bd01ac66a7ca4b42a65a7e7774a13", size = 130105, upload-time = "2026-08-14T16:13:20.317Z" },
    { url = "https://files.pythonhosted.org/packages/9f/b7/938befcf33bee4704a92ecec6a2731224c539d939bf9429fd39396d28931/orjson-3.12.0-cp315-cp315-manylinux_2_39_x86_64.whl", hash = "sha256:58c58e1de0006ffb580368d6793c36c7b0b021db066479cf281bf5061e732328", size = 131049, upload-time = "2026-08-14T16:13:21.719Z" },
    { url = "https://files.pythonhosted.org/packages/b0/15/cfa2021d64d5aa8bb5c9f604ef375e00ec8b657651b5dd650b1b7ad13df1/orjson-3.12.0-cp315-cp315-musllinux_1_2_aarch64.whl", hash = "sha256:08231552159be266a7269555bd9f7c016aee7d9ad6dab06eb58796c5ccb7101c", size = 135320, upload-time = "2026-08-14T16:13:23.415Z" },
    { url = "https://files.pythonhosted.org/packages/1a/50/3e75dfe357c1e8f9e287c7a5740260ef15bd23a5299eae8d0835dcad5375/orjson-3.12.0-cp315-cp315-musllinux_1_2_x86_64.whl", hash = "sha256:a15f9a891bce5f5cc5d210e3ad8614d4d1b489a56448c099d6d2a7168b2d954a", size = 127488, upload-time = "2026-08-14T16:13:24.791Z" },
    { url = "https://files.pythonhosted.org/packages/11/a6/79aed402eb3ab284dc5b4791a7ad62c5875127de01b8e3f04bd92d551298/orjson-3.12.0-cp315-cp315-win32.whl", hash = "sha256:03091c8a64db4be38746597ceea68f33c238e27acd9bfe99fb59420224ae7a55", size = 128048, upload-time = "2026-08-14T16:13:26.217Z" },
    { url = "https://files.pythonhosted.org/packages/64/f7/2723e264aab7248c1ed6ecaad8e5d0cb866c0cffde75442102ffa7491aba/orjson-3.12.0-cp315-cp315-win_amd64.whl", hash = "sha256:2b7bcefb9f40fa242fa6b06377232c048e655747790829609168c01162f60578", size = 121860, upload-time = "2026-08-14T16:13:27.577Z" },
    { url = "https://files.pythonhosted.org/packages/82/56/630c9113ec8996778f1f0304b364b091b9a9db5fef5fdc17cca622f5ea24/orjson-3.12.0-cp315-cp315-win_arm64.whl", hash = "sha256:859fc4196855890150bb08e649b30d2c93b249b3e3edd0d3bb2231abf8aa8adc", size = 126754, upload-time = "2026-08-14T16:13:28.962Z" },
]

[[package]]
name = "packaging"
version = "26.3"
source = { registry = "https://pypi.org/simple" }
sdist = { url = "https://files.pythonhosted.org/packages/7d/fa/3944b40b07da9ce895c0e6303a5ab7d53da063554f534556b134a54d6093/packaging-26.3.tar.gz", hash = "sha256:94edc256424af38762eb31306eed28beb9f0efc50a8837492c9d6fd6004aed79", size = 313412, upload-time = "2026-08-04T18:15:28.737Z" }
wheels = [
    { url = "https://files.pythonhosted.org/packages/63/34/ba1c580383c9eada3711951fef0795c80b829a078d72188184bcab9dd527/packaging-26.3-py3-none-any.whl", hash = "sha256:d7193f7c8e4e93f444fde0262bf90af30e16fa0ad0ad44cb553c87339b23cd1c", size = 129956, upload-time = "2026-08-04T18:15:27.159Z" },
]

[[package]]
name = "pluggy"
version = "1.6.0"
source = { registry = "https://pypi.org/simple" }
sdist = { url = "https://files.pythonhosted.org/packages/f9/e2/3e91f31a7d2b083fe6ef3fa267035b518369d9511ffab804f839851d2779/pluggy-1.6.0.tar.gz", hash = "sha256:7dcc130b76258d33b90f61b658791dede3486c3e6bfb003ee5c9bfb396dd22f3", size = 69412, upload-time = "2025-05-15T12:30:07.975Z" }
wheels = [
    { url = "https://files.pythonhosted.org/packages/54/20/4d324d65cc6d9205fabedc306948156824eb9f0ee1633355a8f7ec5c66bf/pluggy-1.6.0-py3-none-any.whl", hash = "sha256:e920276dd6813095e9377c0bc5566d94c932c33b27a3e3945d8389c374dd4746", size = 20538, upload-time = "2025-05-15T12:30:06.134Z" },
]

[[package]]
name = "pygments"
version = "2.21.0"
source = { registry = "https://pypi.org/simple" }
sdist = { url = "https://files.pythonhosted.org/packages/49/2e/ced460408999b33da6b31b0021b0f37d329e202d4169aeb164493778f25b/pygments-2.21.0.tar.gz", hash = "sha256:610ca751c9bc2492b38eb9a38a7fbc93edbbb2d7182edaf34e66ae493dee5c8c", size = 5005329, upload-time = "2026-08-17T08:02:48.824Z" }
wheels = [
    { url = "https://files.pythonhosted.org/packages/71/46/17f022dd3e953bf20a04a028a21ec746d942f8d2af30fa0f124fa0e6a684/pygments-2.21.0-py3-none-any.whl", hash = "sha256:2363c69b61c4a97c838da3b130dcd6468f4848992b21a82f2a63ec34377137d9", size = 1250147, upload-time = "2026-08-17T08:02:44.912Z" },
]

[[package]]
name = "pylatexenc"
version = "2.11"
source = { registry = "https://pypi.org/simple" }
sdist = { url = "https://files.pythonhosted.org/packages/52/45/ddb0fb04acf95fe9cf9c369814dbdd08651bd2c9ee455f142651e06f4488/pylatexenc-2.11.tar.gz", hash = "sha256:305a072a99ce736246049c9da05841b9d718c0f7ea8888f5f596cf15cb621053", size = 165743, upload-time = "2026-07-25T17:26:31.534Z" }
wheels = [
    { url = "https://files.pythonhosted.org/packages/e7/06/3d67bd912ef337aa4856b466121d03f304aa1bb4d804f9298b6227cd227e/pylatexenc-2.11-py2.py3-none-any.whl", hash = "sha256:e78e7391d6c104f1ed150e21cfaa58016cdb50aa54406a2eecb793649ffdfdd0", size = 137533, upload-time = "2026-07-25T17:26:30.141Z" },
]

[[package]]
name = "pytest"
version = "9.1.1"
source = { registry = "https://pypi.org/simple" }
dependencies = [
    { name = "colorama", marker = "sys_platform == 'win32'" },
    { name = "iniconfig" },
    { name = "packaging" },
    { name = "pluggy" },
    { name = "pygments" },
]
sdist = { url = "https://files.pythonhosted.org/packages/e4/47/b9efed96c114afcfa3c9d3fe98a76a1d14c74a9e266d397cf6eb64be5e01/pytest-9.1.1.tar.gz", hash = "sha256:1088fbde8f2b49d95a549a195707afa7a76a3ce9bcadc26b6d71f0ffda5fe313", size = 1636369, upload-time = "2026-06-19T10:58:32.857Z" }
wheels = [
    { url = "https://files.pythonhosted.org/packages/24/25/1de2678b631f5a49215c6c96fff41ba892b0a34df68d6d80292b1b48aa7f/pytest-9.1.1-py3-none-any.whl", hash = "sha256:37a86b45efb9a47a61a36449063e8e18d0cab3161329fc099eb21783169c4f0c", size = 386536, upload-time = "2026-06-19T10:58:31.347Z" },
]

[[package]]
name = "python-dotenv"
version = "1.2.3"
source = { registry = "https://pypi.org/simple" }
sdist = { url = "https://files.pythonhosted.org/packages/6a/53/ed9d74092561d4b01a2ef1349d52cdbc135e526c245f366b089cfca6de49/python_dotenv-1.2.3.tar.gz", hash = "sha256:a20a594dabeaa385725aa239d5244871c143ecb356add8a20fcf23773a6c3a35", size = 58945, upload-time = "2026-08-16T16:54:54.067Z" }
wheels = [
    { url = "https://files.pythonhosted.org/packages/0d/17/c5c6b53ddc18f297992099b3d9ec16c855c0ccc83263a21fe4d1c625ec6c/python_dotenv-1.2.3-py3-none-any.whl", hash = "sha256:904552145e8bfed22162c09dab1c2b9b54fefa7b23ba780f4f26ca0316b0f0d9", size = 22780, upload-time = "2026-08-16T16:54:52.473Z" },
]

[[package]]
name = "tqdm"
version = "4.70.1"
source = { registry = "https://pypi.org/simple" }
dependencies = [
    { name = "colorama", marker = "sys_platform == 'win32'" },
]
sdist = { url = "https://files.pythonhosted.org/packages/0d/ea/b2a5bd54b28a324dae8211928b2d730b6547500342c7e6c6dea08bd0a485/tqdm-4.70.1.tar.gz", hash = "sha256:cefd0eca11b2a37a3aee776544d4f4ae913f02688135b5556b8788dfa474afc4", size = 171846, upload-time = "2026-09-11T07:25:16.601Z" }
wheels = [
    { url = "https://files.pythonhosted.org/packages/a7/03/921a3d3c75785aca9ebfbfcabfbc3a1be12e2ab5265deb026d55a5a3f83e/tqdm-4.70.1-py3-none-any.whl", hash = "sha256:c293e525e6fef9c20e8728fd4612df02a0aa31bb5fe91ecd93e123b1b7bffa73", size = 80199, upload-time = "2026-09-11T07:25:14.599Z" },
]
